// !$*UTF8*$!
{
	archiveVersion = 1;
	classes = {
	};
	objectVersion = 50;
	objects = {

/* Begin PBXBuildFile section */
		9775BB9C255E61210086F314 /* AppDelegate.swift in Sources */ = {isa = PBXBuildFile; fileRef = 9775BB9B255E61210086F314 /* AppDelegate.swift */; };
		9775BB9E255E61210086F314 /* SceneDelegate.swift in Sources */ = {isa = PBXBuildFile; fileRef = 9775BB9D255E61210086F314 /* SceneDelegate.swift */; };
		9775BBA0255E61210086F314 /* MainViewController.swift in Sources */ = {isa = PBXBuildFile; fileRef = 9775BB9F255E61210086F314 /* MainViewController.swift */; };
		9775BBA3255E61210086F314 /* Main.storyboard in Resources */ = {isa = PBXBuildFile; fileRef = 9775BBA1255E61210086F314 /* Main.storyboard */; };
		9775BBA8255E61230086F314 /* Assets.xcassets in Resources */ = {isa = PBXBuildFile; fileRef = 9775BBA7255E61230086F314 /* Assets.xcassets */; };
		9775BBAB255E61230086F314 /* LaunchScreen.storyboard in Resources */ = {isa = PBXBuildFile; fileRef = 9775BBA9255E61230086F314 /* LaunchScreen.storyboard */; };
		9775BBB5255E62F00086F314 /* Request.swift in Sources */ = {isa = PBXBuildFile; fileRef = 9775BBB4255E62F00086F314 /* Request.swift */; };
		9775BBBA255E63B00086F314 /* NetWorkInfo.swift in Sources */ = {isa = PBXBuildFile; fileRef = 9775BBB9255E63B00086F314 /* NetWorkInfo.swift */; };
		9775BBC0255E6DFD0086F314 /* NetWorkError.swift in Sources */ = {isa = PBXBuildFile; fileRef = 9775BBBF255E6DFD0086F314 /* NetWorkError.swift */; };
		9775BBCE256023360086F314 /* JSONData.swift in Sources */ = {isa = PBXBuildFile; fileRef = 9775BBCD256023360086F314 /* JSONData.swift */; };
		9775BBD12560B2A50086F314 /* RedBeardCollectionViewCell.swift in Sources */ = {isa = PBXBuildFile; fileRef = 9775BBD02560B2A50086F314 /* RedBeardCollectionViewCell.swift */; };
		9775BC0D25622BDD0086F314 /* RedSoTableTableViewControllerr.swift in Sources */ = {isa = PBXBuildFile; fileRef = 9775BC0C25622BDD0086F314 /* RedSoTableTableViewControllerr.swift */; };
		9775BC1025622E6E0086F314 /* BannerTableViewCell.swift in Sources */ = {isa = PBXBuildFile; fileRef = 9775BC0F25622E6E0086F314 /* BannerTableViewCell.swift */; };
		9775BC1425622E830086F314 /* NomalTableViewCell.swift in Sources */ = {isa = PBXBuildFile; fileRef = 9775BC1325622E830086F314 /* NomalTableViewCell.swift */; };
		9775BC1A256235F40086F314 /* RedSoPageViewController.swift in Sources */ = {isa = PBXBuildFile; fileRef = 9775BC19256235F40086F314 /* RedSoPageViewController.swift */; };
		9775BC2A2562A83E0086F314 /* LoadingTableViewCell.swift in Sources */ = {isa = PBXBuildFile; fileRef = 9775BC292562A83E0086F314 /* LoadingTableViewCell.swift */; };
		9775BC3B2564F7010086F314 /* BlankTableViewCell.swift in Sources */ = {isa = PBXBuildFile; fileRef = 9775BC3A2564F7010086F314 /* BlankTableViewCell.swift */; };
		9775BC3F256509CC0086F314 /* CustomLabel.swift in Sources */ = {isa = PBXBuildFile; fileRef = 9775BC3E256509CC0086F314 /* CustomLabel.swift */; };
/* End PBXBuildFile section */

/* Begin PBXFileReference section */
		9775BB98255E61210086F314 /* RedBeard.app */ = {isa = PBXFileReference; explicitFileType = wrapper.application; includeInIndex = 0; path = RedBeard.app; sourceTree = BUILT_PRODUCTS_DIR; };
		9775BB9B255E61210086F314 /* AppDelegate.swift */ = {isa = PBXFileReference; lastKnownFileType = sourcecode.swift; path = AppDelegate.swift; sourceTree = "<group>"; };
		9775BB9D255E61210086F314 /* SceneDelegate.swift */ = {isa = PBXFileReference; lastKnownFileType = sourcecode.swift; path = SceneDelegate.swift; sourceTree = "<group>"; };
		9775BB9F255E61210086F314 /* MainViewController.swift */ = {isa = PBXFileReference; lastKnownFileType = sourcecode.swift; path = MainViewController.swift; sourceTree = "<group>"; };
		9775BBA2255E61210086F314 /* Base */ = {isa = PBXFileReference; lastKnownFileType = file.storyboard; name = Base; path = Base.lproj/Main.storyboard; sourceTree = "<group>"; };
		9775BBA7255E61230086F314 /* Assets.xcassets */ = {isa = PBXFileReference; lastKnownFileType = folder.assetcatalog; path = Assets.xcassets; sourceTree = "<group>"; };
		9775BBAA255E61230086F314 /* Base */ = {isa = PBXFileReference; lastKnownFileType = file.storyboard; name = Base; path = Base.lproj/LaunchScreen.storyboard; sourceTree = "<group>"; };
		9775BBAC255E61230086F314 /* Info.plist */ = {isa = PBXFileReference; lastKnownFileType = text.plist.xml; path = Info.plist; sourceTree = "<group>"; };
		9775BBB4255E62F00086F314 /* Request.swift */ = {isa = PBXFileReference; lastKnownFileType = sourcecode.swift; path = Request.swift; sourceTree = "<group>"; };
		9775BBB9255E63B00086F314 /* NetWorkInfo.swift */ = {isa = PBXFileReference; lastKnownFileType = sourcecode.swift; path = NetWorkInfo.swift; sourceTree = "<group>"; };
		9775BBBF255E6DFD0086F314 /* NetWorkError.swift */ = {isa = PBXFileReference; lastKnownFileType = sourcecode.swift; path = NetWorkError.swift; sourceTree = "<group>"; };
		9775BBCD256023360086F314 /* JSONData.swift */ = {isa = PBXFileReference; lastKnownFileType = sourcecode.swift; path = JSONData.swift; sourceTree = "<group>"; };
		9775BBD02560B2A50086F314 /* RedBeardCollectionViewCell.swift */ = {isa = PBXFileReference; lastKnownFileType = sourcecode.swift; path = RedBeardCollectionViewCell.swift; sourceTree = "<group>"; };
		9775BC0C25622BDD0086F314 /* RedSoTableTableViewControllerr.swift */ = {isa = PBXFileReference; lastKnownFileType = sourcecode.swift; path = RedSoTableTableViewControllerr.swift; sourceTree = "<group>"; };
		9775BC0F25622E6E0086F314 /* BannerTableViewCell.swift */ = {isa = PBXFileReference; lastKnownFileType = sourcecode.swift; path = BannerTableViewCell.swift; sourceTree = "<group>"; };
		9775BC1325622E830086F314 /* NomalTableViewCell.swift */ = {isa = PBXFileReference; lastKnownFileType = sourcecode.swift; path = NomalTableViewCell.swift; sourceTree = "<group>"; };
		9775BC19256235F40086F314 /* RedSoPageViewController.swift */ = {isa = PBXFileReference; lastKnownFileType = sourcecode.swift; path = RedSoPageViewController.swift; sourceTree = "<group>"; };
		9775BC292562A83E0086F314 /* LoadingTableViewCell.swift */ = {isa = PBXFileReference; lastKnownFileType = sourcecode.swift; path = LoadingTableViewCell.swift; sourceTree = "<group>"; };
		9775BC3A2564F7010086F314 /* BlankTableViewCell.swift */ = {isa = PBXFileReference; lastKnownFileType = sourcecode.swift; path = BlankTableViewCell.swift; sourceTree = "<group>"; };
		9775BC3E256509CC0086F314 /* CustomLabel.swift */ = {isa = PBXFileReference; lastKnownFileType = sourcecode.swift; path = CustomLabel.swift; sourceTree = "<group>"; };
/* End PBXFileReference section */

/* Begin PBXFrameworksBuildPhase section */
		9775BB95255E61210086F314 /* Frameworks */ = {
			isa = PBXFrameworksBuildPhase;
			buildActionMask = 2147483647;
			files = (
			);
			runOnlyForDeploymentPostprocessing = 0;
		};
/* End PBXFrameworksBuildPhase section */

/* Begin PBXGroup section */
		9775BB8F255E61210086F314 = {
			isa = PBXGroup;
			children = (
				9775BB9A255E61210086F314 /* RedBeard */,
				9775BB99255E61210086F314 /* Products */,
			);
			sourceTree = "<group>";
		};
		9775BB99255E61210086F314 /* Products */ = {
			isa = PBXGroup;
			children = (
				9775BB98255E61210086F314 /* RedBeard.app */,
			);
			name = Products;
			sourceTree = "<group>";
		};
		9775BB9A255E61210086F314 /* RedBeard */ = {
			isa = PBXGroup;
			children = (
				9775BB9F255E61210086F314 /* MainViewController.swift */,
				9775BBD02560B2A50086F314 /* RedBeardCollectionViewCell.swift */,
				9775BC19256235F40086F314 /* RedSoPageViewController.swift */,
				9775BC3E256509CC0086F314 /* CustomLabel.swift */,
				9775BBB3255E61380086F314 /* NetWork */,
				9775BBD32560B6640086F314 /* Team */,
				9775BBA1255E61210086F314 /* Main.storyboard */,
				9775BBA7255E61230086F314 /* Assets.xcassets */,
				9775BB9D255E61210086F314 /* SceneDelegate.swift */,
				9775BB9B255E61210086F314 /* AppDelegate.swift */,
				9775BBA9255E61230086F314 /* LaunchScreen.storyboard */,
				9775BBAC255E61230086F314 /* Info.plist */,
			);
			path = RedBeard;
			sourceTree = "<group>";
		};
		9775BBB3255E61380086F314 /* NetWork */ = {
			isa = PBXGroup;
			children = (
				9775BBB4255E62F00086F314 /* Request.swift */,
				9775BBBF255E6DFD0086F314 /* NetWorkError.swift */,
				9775BBB9255E63B00086F314 /* NetWorkInfo.swift */,
				9775BBCD256023360086F314 /* JSONData.swift */,
			);
			path = NetWork;
			sourceTree = "<group>";
		};
		9775BBD32560B6640086F314 /* Team */ = {
			isa = PBXGroup;
			children = (
				9775BC432566614C0086F314 /* Cell */,
				9775BC0C25622BDD0086F314 /* RedSoTableTableViewControllerr.swift */,
				9775BC1325622E830086F314 /* NomalTableViewCell.swift */,
				9775BC0F25622E6E0086F314 /* BannerTableViewCell.swift */,
				9775BC3A2564F7010086F314 /* BlankTableViewCell.swift */,
				9775BC292562A83E0086F314 /* LoadingTableViewCell.swift */,
			);
			path = Team;
			sourceTree = "<group>";
		};
		9775BC432566614C0086F314 /* Cell */ = {
			isa = PBXGroup;
			children = (
			);
			path = Cell;
			sourceTree = "<group>";
		};
/* End PBXGroup section */

/* Begin PBXNativeTarget section */
		9775BB97255E61210086F314 /* RedBeard */ = {
			isa = PBXNativeTarget;
			buildConfigurationList = 9775BBAF255E61230086F314 /* Build configuration list for PBXNativeTarget "RedBeard" */;
			buildPhases = (
				9775BB94255E61210086F314 /* Sources */,
				9775BB95255E61210086F314 /* Frameworks */,
				9775BB96255E61210086F314 /* Resources */,
			);
			buildRules = (
			);
			dependencies = (
			);
			name = RedBeard;
			productName = RedBeard;
			productReference = 9775BB98255E61210086F314 /* RedBeard.app */;
			productType = "com.apple.product-type.application";
		};
/* End PBXNativeTarget section */

/* Begin PBXProject section */
		9775BB90255E61210086F314 /* Project object */ = {
			isa = PBXProject;
			attributes = {
				LastSwiftUpdateCheck = 1220;
				LastUpgradeCheck = 1220;
				TargetAttributes = {
					9775BB97255E61210086F314 = {
						CreatedOnToolsVersion = 12.2;
					};
				};
			};
			buildConfigurationList = 9775BB93255E61210086F314 /* Build configuration list for PBXProject "RedBeard" */;
			compatibilityVersion = "Xcode 9.3";
			developmentRegion = en;
			hasScannedForEncodings = 0;
			knownRegions = (
				en,
				Base,
			);
			mainGroup = 9775BB8F255E61210086F314;
			productRefGroup = 9775BB99255E61210086F314 /* Products */;
			projectDirPath = "";
			projectRoot = "";
			targets = (
				9775BB97255E61210086F314 /* RedBeard */,
			);
		};
/* End PBXProject section */

/* Begin PBXResourcesBuildPhase section */
		9775BB96255E61210086F314 /* Resources */ = {
			isa = PBXResourcesBuildPhase;
			buildActionMask = 2147483647;
			files = (
				9775BBAB255E61230086F314 /* LaunchScreen.storyboard in Resources */,
				9775BBA8255E61230086F314 /* Assets.xcassets in Resources */,
				9775BBA3255E61210086F314 /* Main.storyboard in Resources */,
			);
			runOnlyForDeploymentPostprocessing = 0;
		};
/* End PBXResourcesBuildPhase section */

/* Begin PBXSourcesBuildPhase section */
		9775BB94255E61210086F314 /* Sources */ = {
			isa = PBXSourcesBuildPhase;
			buildActionMask = 2147483647;
			files = (
				9775BC2A2562A83E0086F314 /* LoadingTableViewCell.swift in Sources */,
				9775BC3F256509CC0086F314 /* CustomLabel.swift in Sources */,
				9775BBC0255E6DFD0086F314 /* NetWorkError.swift in Sources */,
				9775BBBA255E63B00086F314 /* NetWorkInfo.swift in Sources */,
				9775BC1A256235F40086F314 /* RedSoPageViewController.swift in Sources */,
				9775BBA0255E61210086F314 /* MainViewController.swift in Sources */,
				9775BB9C255E61210086F314 /* AppDelegate.swift in Sources */,
				9775BBD12560B2A50086F314 /* RedBeardCollectionViewCell.swift in Sources */,
				9775BC1425622E830086F314 /* NomalTableViewCell.swift in Sources */,
				9775BBCE256023360086F314 /* JSONData.swift in Sources */,
				9775BC1025622E6E0086F314 /* BannerTableViewCell.swift in Sources */,
				9775BC3B2564F7010086F314 /* BlankTableViewCell.swift in Sources */,
				9775BBB5255E62F00086F314 /* Request.swift in Sources */,
				9775BB9E255E61210086F314 /* SceneDelegate.swift in Sources */,
				9775BC0D25622BDD0086F314 /* RedSoTableTableViewControllerr.swift in Sources */,
			);
			runOnlyForDeploymentPostprocessing = 0;
		};
/* End PBXSourcesBuildPhase section */

/* Begin PBXVariantGroup section */
		9775BBA1255E61210086F314 /* Main.storyboard */ = {
			isa = PBXVariantGroup;
			children = (
				9775BBA2255E61210086F314 /* Base */,
			);
			name = Main.storyboard;
			sourceTree = "<group>";
		};
		9775BBA9255E61230086F314 /* LaunchScreen.storyboard */ = {
			isa = PBXVariantGroup;
			children = (
				9775BBAA255E61230086F314 /* Base */,
			);
			name = LaunchScreen.storyboard;
			sourceTree = "<group>";
		};
/* End PBXVariantGroup section */

/* Begin XCBuildConfiguration section */
		9775BBAD255E61230086F314 /* Debug */ = {
			isa = XCBuildConfiguration;
			buildSettings = {
				ALWAYS_SEARCH_USER_PATHS = NO;
				CLANG_ANALYZER_NONNULL = YES;
				CLANG_ANALYZER_NUMBER_OBJECT_CONVERSION = YES_AGGRESSIVE;
				CLANG_CXX_LANGUAGE_STANDARD = "gnu++14";
				CLANG_CXX_LIBRARY = "libc++";
				CLANG_ENABLE_MODULES = YES;
				CLANG_ENABLE_OBJC_ARC = YES;
				CLANG_ENABLE_OBJC_WEAK = YES;
				CLANG_WARN_BLOCK_CAPTURE_AUTORELEASING = YES;
				CLANG_WARN_BOOL_CONVERSION = YES;
				CLANG_WARN_COMMA = YES;
				CLANG_WARN_CONSTANT_CONVERSION = YES;
				CLANG_WARN_DEPRECATED_OBJC_IMPLEMENTATIONS = YES;
				CLANG_WARN_DIRECT_OBJC_ISA_USAGE = YES_ERROR;
				CLANG_WARN_DOCUMENTATION_COMMENTS = YES;
				CLANG_WARN_EMPTY_BODY = YES;
				CLANG_WARN_ENUM_CONVERSION = YES;
				CLANG_WARN_INFINITE_RECURSION = YES;
				CLANG_WARN_INT_CONVERSION = YES;
				CLANG_WARN_NON_LITERAL_NULL_CONVERSION = YES;
				CLANG_WARN_OBJC_IMPLICIT_RETAIN_SELF = YES;
				CLANG_WARN_OBJC_LITERAL_CONVERSION = YES;
				CLANG_WARN_OBJC_ROOT_CLASS = YES_ERROR;
				CLANG_WARN_QUOTED_INCLUDE_IN_FRAMEWORK_HEADER = YES;
				CLANG_WARN_RANGE_LOOP_ANALYSIS = YES;
				CLANG_WARN_STRICT_PROTOTYPES = YES;
				CLANG_WARN_SUSPICIOUS_MOVE = YES;
				CLANG_WARN_UNGUARDED_AVAILABILITY = YES_AGGRESSIVE;
				CLANG_WARN_UNREACHABLE_CODE = YES;
				CLANG_WARN__DUPLICATE_METHOD_MATCH = YES;
				COPY_PHASE_STRIP = NO;
				DEBUG_INFORMATION_FORMAT = dwarf;
				ENABLE_STRICT_OBJC_MSGSEND = YES;
				ENABLE_TESTABILITY = YES;
				GCC_C_LANGUAGE_STANDARD = gnu11;
				GCC_DYNAMIC_NO_PIC = NO;
				GCC_NO_COMMON_BLOCKS = YES;
				GCC_OPTIMIZATION_LEVEL = 0;
				GCC_PREPROCESSOR_DEFINITIONS = (
					"DEBUG=1",
					"$(inherited)",
				);
				GCC_WARN_64_TO_32_BIT_CONVERSION = YES;
				GCC_WARN_ABOUT_RETURN_TYPE = YES_ERROR;
				GCC_WARN_UNDECLARED_SELECTOR = YES;
				GCC_WARN_UNINITIALIZED_AUTOS = YES_AGGRESSIVE;
				GCC_WARN_UNUSED_FUNCTION = YES;
				GCC_WARN_UNUSED_VARIABLE = YES;
				IPHONEOS_DEPLOYMENT_TARGET = 14.2;
				MTL_ENABLE_DEBUG_INFO = INCLUDE_SOURCE;
				MTL_FAST_MATH = YES;
				ONLY_ACTIVE_ARCH = YES;
				SDKROOT = iphoneos;
				SWIFT_ACTIVE_COMPILATION_CONDITIONS = DEBUG;
				SWIFT_OPTIMIZATION_LEVEL = "-Onone";
			};
			name = Debug;
		};
		9775BBAE255E61230086F314 /* Release */ = {
			isa = XCBuildConfiguration;
			buildSettings = {
				ALWAYS_SEARCH_USER_PATHS = NO;
				CLANG_ANALYZER_NONNULL = YES;
				CLANG_ANALYZER_NUMBER_OBJECT_CONVERSION = YES_AGGRESSIVE;
				CLANG_CXX_LANGUAGE_STANDARD = "gnu++14";
				CLANG_CXX_LIBRARY = "libc++";
				CLANG_ENABLE_MODULES = YES;
				CLANG_ENABLE_OBJC_ARC = YES;
				CLANG_ENABLE_OBJC_WEAK = YES;
				CLANG_WARN_BLOCK_CAPTURE_AUTORELEASING = YES;
				CLANG_WARN_BOOL_CONVERSION = YES;
				CLANG_WARN_COMMA = YES;
				CLANG_WARN_CONSTANT_CONVERSION = YES;
				CLANG_WARN_DEPRECATED_OBJC_IMPLEMENTATIONS = YES;
				CLANG_WARN_DIRECT_OBJC_ISA_USAGE = YES_ERROR;
				CLANG_WARN_DOCUMENTATION_COMMENTS = YES;
				CLANG_WARN_EMPTY_BODY = YES;
				CLANG_WARN_ENUM_CONVERSION = YES;
				CLANG_WARN_INFINITE_RECURSION = YES;
				CLANG_WARN_INT_CONVERSION = YES;
				CLANG_WARN_NON_LITERAL_NULL_CONVERSION = YES;
				CLANG_WARN_OBJC_IMPLICIT_RETAIN_SELF = YES;
				CLANG_WARN_OBJC_LITERAL_CONVERSION = YES;
				CLANG_WARN_OBJC_ROOT_CLASS = YES_ERROR;
				CLANG_WARN_QUOTED_INCLUDE_IN_FRAMEWORK_HEADER = YES;
				CLANG_WARN_RANGE_LOOP_ANALYSIS = YES;
				CLANG_WARN_STRICT_PROTOTYPES = YES;
				CLANG_WARN_SUSPICIOUS_MOVE = YES;
				CLANG_WARN_UNGUARDED_AVAILABILITY = YES_AGGRESSIVE;
				CLANG_WARN_UNREACHABLE_CODE = YES;
				CLANG_WARN__DUPLICATE_METHOD_MATCH = YES;
				COPY_PHASE_STRIP = NO;
				DEBUG_INFORMATION_FORMAT = "dwarf-with-dsym";
				ENABLE_NS_ASSERTIONS = NO;
				ENABLE_STRICT_OBJC_MSGSEND = YES;
				GCC_C_LANGUAGE_STANDARD = gnu11;
				GCC_NO_COMMON_BLOCKS = YES;
				GCC_WARN_64_TO_32_BIT_CONVERSION = YES;
				GCC_WARN_ABOUT_RETURN_TYPE = YES_ERROR;
				GCC_WARN_UNDECLARED_SELECTOR = YES;
				GCC_WARN_UNINITIALIZED_AUTOS = YES_AGGRESSIVE;
				GCC_WARN_UNUSED_FUNCTION = YES;
				GCC_WARN_UNUSED_VARIABLE = YES;
				IPHONEOS_DEPLOYMENT_TARGET = 14.2;
				MTL_ENABLE_DEBUG_INFO = NO;
				MTL_FAST_MATH = YES;
				SDKROOT = iphoneos;
				SWIFT_COMPILATION_MODE = wholemodule;
				SWIFT_OPTIMIZATION_LEVEL = "-O";
				VALIDATE_PRODUCT = YES;
			};
			name = Release;
		};
		9775BBB0255E61230086F314 /* Debug */ = {
			isa = XCBuildConfiguration;
			buildSettings = {
				ASSETCATALOG_COMPILER_APPICON_NAME = AppIcon;
				ASSETCATALOG_COMPILER_GLOBAL_ACCENT_COLOR_NAME = AccentColor;
				CODE_SIGN_STYLE = Automatic;
				DEVELOPMENT_TEAM = 924JRRG5DX;
				INFOPLIST_FILE = RedBeard/Info.plist;
				LD_RUNPATH_SEARCH_PATHS = (
					"$(inherited)",
					"@executable_path/Frameworks",
				);
				PRODUCT_BUNDLE_IDENTIFIER = KuanYu.RedBeard;
				PRODUCT_NAME = "$(TARGET_NAME)";
				SWIFT_VERSION = 5.0;
				TARGETED_DEVICE_FAMILY = "1,2";
			};
			name = Debug;
		};
		9775BBB1255E61230086F314 /* Release */ = {
			isa = XCBuildConfiguration;
			buildSettings = {
				ASSETCATALOG_COMPILER_APPICON_NAME = AppIcon;
				ASSETCATALOG_COMPILER_GLOBAL_ACCENT_COLOR_NAME = AccentColor;
				CODE_SIGN_STYLE = Automatic;
				DEVELOPMENT_TEAM = 924JRRG5DX;
				INFOPLIST_FILE = RedBeard/Info.plist;
				LD_RUNPATH_SEARCH_PATHS = (
					"$(inherited)",
					"@executable_path/Frameworks",
				);
				PRODUCT_BUNDLE_IDENTIFIER = KuanYu.RedBeard;
				PRODUCT_NAME = "$(TARGET_NAME)";
				SWIFT_VERSION = 5.0;
				TARGETED_DEVICE_FAMILY = "1,2";
			};
			name = Release;
		};
/* End XCBuildConfiguration section */

/* Begin XCConfigurationList section */
		9775BB93255E61210086F314 /* Build configuration list for PBXProject "RedBeard" */ = {
			isa = XCConfigurationList;
			buildConfigurations = (
				9775BBAD255E61230086F314 /* Debug */,
				9775BBAE255E61230086F314 /* Release */,
			);
			defaultConfigurationIsVisible = 0;
			defaultConfigurationName = Release;
		};
		9775BBAF255E61230086F314 /* Build configuration list for PBXNativeTarget "RedBeard" */ = {
			isa = XCConfigurationList;
			buildConfigurations = (
				9775BBB0255E61230086F314 /* Debug */,
				9775BBB1255E61230086F314 /* Release */,
			);
			defaultConfigurationIsVisible = 0;
			defaultConfigurationName = Release;
		};
/* End XCConfigurationList section */
	};
	rootObject = 9775BB90255E61210086F314 /* Project object */;
}
